{
  "name": "chatbot-terminal",
  "lockfileVersion": 3,
  "requires": true,
  "packages": {
    "": {
      "dependencies": {
        "@huggingface/inference": "^3.3.3",
        "dotenv": "^16.4.7"
      }
    },
    "node_modules/@huggingface/inference": {
      "version": "3.3.3",
      "resolved": "https://registry.npmjs.org/@huggingface/inference/-/inference-3.3.3.tgz",
      "integrity": "sha512-8GJituytUDCzUsqTCwaa630RZ5r/YkkDIJxSv3oqNcFpwaM0/368Ss9cYW8wsmlCBBpC4RKiBRE1KCuHBAURTA==",
      "dependencies": {
        "@huggingface/tasks": "^0.15.9"
      },
      "engines": {
        "node": ">=18"
      }
    },
    "node_modules/@huggingface/tasks": {
      "version": "0.15.9",
      "resolved": "https://registry.npmjs.org/@huggingface/tasks/-/tasks-0.15.9.tgz",
      "integrity": "sha512-cbnZcpMHKdhURWIplVP4obHxAZcxjyRm0zI7peTPksZN4CtIOMmJC4ZqGEymo0lk+0VNkXD7ULwFJ3JjT/VpkQ=="
    },
    "node_modules/dotenv": {
      "version": "16.4.7",
      "resolved": "https://registry.npmjs.org/dotenv/-/dotenv-16.4.7.tgz",
      "integrity": "sha512-47qPchRCykZC03FhkYAhrvwU4xDBFIj1QPqaarj6mdM/hgUzfPHcpkHJOn3mJAufFeeAxAzeGsr5X0M4k6fLZQ==",
      "engines": {
        "node": ">=12"
      },
      "funding": {
        "url": "https://dotenvx.com"
      }
    }
  }
}
